
Microsoft Visual Studio Solution File, Format Version 12.00
# Visual Studio Version 17
VisualStudioVersion = 17.3.32804.467
MinimumVisualStudioVersion = 10.0.40219.1
Project("{FAE04EC0-301F-11D3-BF4B-00C04F79EFBC}") = "WebAPIAppFaezeh", "WebAPIAppFaezeh.csproj", "{2A461674-4057-441A-83F5-D0B406E128EE}"
EndProject
Global
	GlobalSection(SolutionConfigurationPlatforms) = preSolution
		Debug|Any CPU = Debug|Any CPU
		Release|Any CPU = Release|Any CPU
	EndGlobalSection
	GlobalSection(ProjectConfigurationPlatforms) = postSolution
		{2A461674-4057-441A-83F5-D0B406E128EE}.Debug|Any CPU.ActiveCfg = Debug|Any CPU
		{2A461674-4057-441A-83F5-D0B406E128EE}.Debug|Any CPU.Build.0 = Debug|Any CPU
		{2A461674-4057-441A-83F5-D0B406E128EE}.Release|Any CPU.ActiveCfg = Release|Any CPU
		{2A461674-4057-441A-83F5-D0B406E128EE}.Release|Any CPU.Build.0 = Release|Any CPU
	EndGlobalSection
	GlobalSection(SolutionProperties) = preSolution
		HideSolutionNode = FALSE
	EndGlobalSection
	GlobalSection(ExtensibilityGlobals) = postSolution
		SolutionGuid = {E81093DD-0835-48EB-ABA7-03981AA0E0E3}
	EndGlobalSection
EndGlobal
